
Microsoft Visual Studio Solution File, Format Version 12.00
# Visual Studio Version 17
VisualStudioVersion = 17.2.32630.192
MinimumVisualStudioVersion = 10.0.40219.1
Project("{FAE04EC0-301F-11D3-BF4B-00C04F79EFBC}") = "SecureClient", "SecureClient\SecureClient.csproj", "{6AB7D27B-BF71-4ED1-92E6-5D0E4A908B2E}"
EndProject
Global
	GlobalSection(SolutionConfigurationPlatforms) = preSolution
		Debug|Any CPU = Debug|Any CPU
		Release|Any CPU = Release|Any CPU
	EndGlobalSection
	GlobalSection(ProjectConfigurationPlatforms) = postSolution
		{6AB7D27B-BF71-4ED1-92E6-5D0E4A908B2E}.Debug|Any CPU.ActiveCfg = Debug|Any CPU
		{6AB7D27B-BF71-4ED1-92E6-5D0E4A908B2E}.Debug|Any CPU.Build.0 = Debug|Any CPU
		{6AB7D27B-BF71-4ED1-92E6-5D0E4A908B2E}.Release|Any CPU.ActiveCfg = Release|Any CPU
		{6AB7D27B-BF71-4ED1-92E6-5D0E4A908B2E}.Release|Any CPU.Build.0 = Release|Any CPU
	EndGlobalSection
	GlobalSection(SolutionProperties) = preSolution
		HideSolutionNode = FALSE
	EndGlobalSection
	GlobalSection(ExtensibilityGlobals) = postSolution
		SolutionGuid = {C746CD91-2923-4D5F-B90B-7C0CFC240079}
	EndGlobalSection
EndGlobal
